{
  "lockfile-version": 1,
  "manifest": {
    "version": 1,
    "install": {
      "claude-code": {
        "pkg-path": "claude-code",
        "pkg-group": "common",
        "version": "^2.1.15"
      },
      "docker": {
        "pkg-path": "docker",
        "pkg-group": "common",
        "version": "^29.1.5"
      },
      "git": {
        "pkg-path": "git",
        "pkg-group": "common",
        "version": "^2.51.0"
      },
      "go": {
        "pkg-path": "go",
        "version": "1.25.5"
      },
      "go-task": {
        "pkg-path": "go-task",
        "pkg-group": "common",
        "version": "^3.45.5"
      },
      "golangci-lint": {
        "pkg-path": "golangci-lint",
        "pkg-group": "common",
        "version": "^2.8.0"
      }
    },
    "hook": {
      "on-activate": "  echo \"🌟 Welcome to google-calendar-agent development environment!\"\n  echo \"Go version: $(go version)\"\n"
    },
    "options": {}
  },
  "packages": [
    {
      "attr_path": "claude-code",
      "broken": false,
      "derivation": "/nix/store/2126w8mb2pz2511zpq0rs5iw8djh0hvk-claude-code-2.1.15.drv",
      "description": "Agentic coding tool that lives in your terminal, understands your codebase, and helps you code faster",
      "install_id": "claude-code",
      "license": "Unfree",
      "locked_url": "https://github.com/flox/nixpkgs?rev=c5296fdd05cfa2c187990dd909864da9658df755",
      "name": "claude-code-2.1.15",
      "pname": "claude-code",
      "rev": "c5296fdd05cfa2c187990dd909864da9658df755",
      "rev_count": 933481,
      "rev_date": "2026-01-23T12:18:02Z",
      "scrape_date": "2026-01-26T04:35:12.583013Z",
      "stabilities": [
        "unstable"
      ],
      "unfree": true,
      "version": "2.1.15",
      "outputs_to_install": [
        "out"
      ],
      "outputs": {
        "out": "/nix/store/baj04qi4p8sxw3dmjd5dfg78kcgdsnmc-claude-code-2.1.15"
      },
      "system": "aarch64-darwin",
      "group": "common",
      "priority": 5
    },
    {
      "attr_path": "claude-code",
      "broken": false,
      "derivation": "/nix/store/gs6xg1hi3nii2ghx04aqpf4pr0gpaw3n-claude-code-2.1.15.drv",
      "description": "Agentic coding tool that lives in your terminal, understands your codebase, and helps you code faster",
      "install_id": "claude-code",
      "license": "Unfree",
      "locked_url": "https://github.com/flox/nixpkgs?rev=c5296fdd05cfa2c187990dd909864da9658df755",
      "name": "claude-code-2.1.15",
      "pname": "claude-code",
      "rev": "c5296fdd05cfa2c187990dd909864da9658df755",
      "rev_count": 933481,
      "rev_date": "2026-01-23T12:18:02Z",
      "scrape_date": "2026-01-26T05:16:57.666170Z",
      "stabilities": [
        "unstable"
      ],
      "unfree": true,
      "version": "2.1.15",
      "outputs_to_install": [
        "out"
      ],
      "outputs": {
        "out": "/nix/store/v1k7d8ff332fgz6wp23z49frdzg77zsv-claude-code-2.1.15"
      },
      "system": "aarch64-linux",
      "group": "common",
      "priority": 5
    },
    {
      "attr_path": "claude-code",
      "broken": false,
      "derivation": "/nix/store/wx8x23qcdpaxfi268fvh7dphqvjd67rj-claude-code-2.1.15.drv",
      "description": "Agentic coding tool that lives in your terminal, understands your codebase, and helps you code faster",
      "install_id": "claude-code",
      "license": "Unfree",
      "locked_url": "https://github.com/flox/nixpkgs?rev=c5296fdd05cfa2c187990dd909864da9658df755",
      "name": "claude-code-2.1.15",
      "pname": "claude-code",
      "rev": "c5296fdd05cfa2c187990dd909864da9658df755",
      "rev_count": 933481,
      "rev_date": "2026-01-23T12:18:02Z",
      "scrape_date": "2026-01-26T05:56:06.318545Z",
      "stabilities": [
        "unstable"
      ],
      "unfree": true,
      "version": "2.1.15",
      "outputs_to_install": [
        "out"
      ],
      "outputs": {
        "out": "/nix/store/1fcffqcsdsninywam44m2p1503478kns-claude-code-2.1.15"
      },
      "system": "x86_64-darwin",
      "group": "common",
      "priority": 5
    },
    {
      "attr_path": "claude-code",
      "broken": false,
      "derivation": "/nix/store/sh7lghh0jr8s8fx3v9wmdywz1da4b912-claude-code-2.1.15.drv",
      "description": "Agentic coding tool that lives in your terminal, understands your codebase, and helps you code faster",
      "install_id": "claude-code",
      "license": "Unfree",
      "locked_url": "https://github.com/flox/nixpkgs?rev=c5296fdd05cfa2c187990dd909864da9658df755",
      "name": "claude-code-2.1.15",
      "pname": "claude-code",
      "rev": "c5296fdd05cfa2c187990dd909864da9658df755",
      "rev_count": 933481,
      "rev_date": "2026-01-23T12:18:02Z",
      "scrape_date": "2026-01-26T06:51:07.361849Z",
      "stabilities": [
        "unstable"
      ],
      "unfree": true,
      "version": "2.1.15",
      "outputs_to_install": [
        "out"
      ],
      "outputs": {
        "out": "/nix/store/9i4x5jffhka4yvhyzmgd593rkbjvhjks-claude-code-2.1.15"
      },
      "system": "x86_64-linux",
      "group": "common",
      "priority": 5
    },
    {
      "attr_path": "docker",
      "broken": false,
      "derivation": "/nix/store/vyai0dd8yzr251m60lfdq10zd3b68ddv-docker-29.1.5.drv",
      "description": "Open source project to pack, ship and run any application as a lightweight container",
      "install_id": "docker",
      "license": "Apache-2.0",
      "locked_url": "https://github.com/flox/nixpkgs?rev=c5296fdd05cfa2c187990dd909864da9658df755",
      "name": "docker-29.1.5",
      "pname": "docker",
      "rev": "c5296fdd05cfa2c187990dd909864da9658df755",
      "rev_count": 933481,
      "rev_date": "2026-01-23T12:18:02Z",
      "scrape_date": "2026-01-26T04:35:12.845715Z",
      "stabilities": [
        "unstable"
      ],
      "unfree": false,
      "version": "29.1.5",
      "outputs_to_install": [
        "out"
      ],
      "outputs": {
        "out": "/nix/store/18ji3i1mpaz0qsbd6kd3l6qqd4spys3d-docker-29.1.5"
      },
      "system": "aarch64-darwin",
      "group": "common",
      "priority": 5
    },
    {
      "attr_path": "docker",
      "broken": false,
      "derivation": "/nix/store/3zcmfcbbfchi0qcw3i0d90jnxmh5x12a-docker-29.1.5.drv",
      "description": "Open source project to pack, ship and run any application as a lightweight container",
      "install_id": "docker",
      "license": "Apache-2.0",
      "locked_url": "https://github.com/flox/nixpkgs?rev=c5296fdd05cfa2c187990dd909864da9658df755",
      "name": "docker-29.1.5",
      "pname": "docker",
      "rev": "c5296fdd05cfa2c187990dd909864da9658df755",
      "rev_count": 933481,
      "rev_date": "2026-01-23T12:18:02Z",
      "scrape_date": "2026-01-26T05:16:58.053872Z",
      "stabilities": [
        "unstable"
      ],
      "unfree": false,
      "version": "29.1.5",
      "outputs_to_install": [
        "out"
      ],
      "outputs": {
        "out": "/nix/store/jp0kgji34s28cqnqa99ki46jf47sydbc-docker-29.1.5"
      },
      "system": "aarch64-linux",
      "group": "common",
      "priority": 5
    },
    {
      "attr_path": "docker",
      "broken": false,
      "derivation": "/nix/store/wn4mnbzlz6q47r9ml2w4l5317df6g2ah-docker-29.1.5.drv",
      "description": "Open source project to pack, ship and run any application as a lightweight container",
      "install_id": "docker",
      "license": "Apache-2.0",
      "locked_url": "https://github.com/flox/nixpkgs?rev=c5296fdd05cfa2c187990dd909864da9658df755",
      "name": "docker-29.1.5",
      "pname": "docker",
      "rev": "c5296fdd05cfa2c187990dd909864da9658df755",
      "rev_count": 933481,
      "rev_date": "2026-01-23T12:18:02Z",
      "scrape_date": "2026-01-26T05:56:06.586390Z",
      "stabilities": [
        "unstable"
      ],
      "unfree": false,
      "version": "29.1.5",
      "outputs_to_install": [
        "out"
      ],
      "outputs": {
        "out": "/nix/store/m5v67zbb1ihaw0lrxmfr7g3yakpah0zc-docker-29.1.5"
      },
      "system": "x86_64-darwin",
      "group": "common",
      "priority": 5
    },
    {
      "attr_path": "docker",
      "broken": false,
      "derivation": "/nix/store/0wnwlkq0hr81yx456v0g2z111s2ffmvi-docker-29.1.5.drv",
      "description": "Open source project to pack, ship and run any application as a lightweight container",
      "install_id": "docker",
      "license": "Apache-2.0",
      "locked_url": "https://github.com/flox/nixpkgs?rev=c5296fdd05cfa2c187990dd909864da9658df755",
      "name": "docker-29.1.5",
      "pname": "docker",
      "rev": "c5296fdd05cfa2c187990dd909864da9658df755",
      "rev_count": 933481,
      "rev_date": "2026-01-23T12:18:02Z",
      "scrape_date": "2026-01-26T06:51:07.799386Z",
      "stabilities": [
        "unstable"
      ],
      "unfree": false,
      "version": "29.1.5",
      "outputs_to_install": [
        "out"
      ],
      "outputs": {
        "out": "/nix/store/dkrdl30miyrh9zcjrv33m7akfmlyjjda-docker-29.1.5"
      },
      "system": "x86_64-linux",
      "group": "common",
      "priority": 5
    },
    {
      "attr_path": "git",
      "broken": false,
      "derivation": "/nix/store/zbqxdvgi7hl7636mav0jjvdzc44fw0w0-git-2.52.0.drv",
      "description": "Distributed version control system",
      "install_id": "git",
      "license": "GPL-2.0",
      "locked_url": "https://github.com/flox/nixpkgs?rev=c5296fdd05cfa2c187990dd909864da9658df755",
      "name": "git-2.52.0",
      "pname": "git",
      "rev": "c5296fdd05cfa2c187990dd909864da9658df755",
      "rev_count": 933481,
      "rev_date": "2026-01-23T12:18:02Z",
      "scrape_date": "2026-01-26T04:35:13.443048Z",
      "stabilities": [
        "unstable"
      ],
      "unfree": false,
      "version": "2.52.0",
      "outputs_to_install": [
        "out"
      ],
      "outputs": {
        "doc": "/nix/store/p0dx3053175fpr3kjf0fqgs9x6gm3dri-git-2.52.0-doc",
        "out": "/nix/store/vnhprisb777byfjpp5mdd0mxwkpvhbc0-git-2.52.0"
      },
      "system": "aarch64-darwin",
      "group": "common",
      "priority": 5
    },
    {
      "attr_path": "git",
      "broken": false,
      "derivation": "/nix/store/xh28gpzhgrisb6hvk986vvswa75l6bhw-git-2.52.0.drv",
      "description": "Distributed version control system",
      "install_id": "git",
      "license": "GPL-2.0",
      "locked_url": "https://github.com/flox/nixpkgs?rev=c5296fdd05cfa2c187990dd909864da9658df755",
      "name": "git-2.52.0",
      "pname": "git",
      "rev": "c5296fdd05cfa2c187990dd909864da9658df755",
      "rev_count": 933481,
      "rev_date": "2026-01-23T12:18:02Z",
      "scrape_date": "2026-01-26T05:16:58.869394Z",
      "stabilities": [
        "unstable"
      ],
      "unfree": false,
      "version": "2.52.0",
      "outputs_to_install": [
        "out"
      ],
      "outputs": {
        "debug": "/nix/store/cx033x4nmr12d9dcn8hxjfrajc3983f0-git-2.52.0-debug",
        "doc": "/nix/store/ylsmgdrnp78p8hn7n9lxpada78dka41v-git-2.52.0-doc",
        "out": "/nix/store/sd4bjblxfljbm13mpl50x8g336gw2dri-git-2.52.0"
      },
      "system": "aarch64-linux",
      "group": "common",
      "priority": 5
    },
    {
      "attr_path": "git",
      "broken": false,
      "derivation": "/nix/store/r52yqnq99zyf6yvjfb4cvbzq749l2395-git-2.52.0.drv",
      "description": "Distributed version control system",
      "install_id": "git",
      "license": "GPL-2.0",
      "locked_url": "https://github.com/flox/nixpkgs?rev=c5296fdd05cfa2c187990dd909864da9658df755",
      "name": "git-2.52.0",
      "pname": "git",
      "rev": "c5296fdd05cfa2c187990dd909864da9658df755",
      "rev_count": 933481,
      "rev_date": "2026-01-23T12:18:02Z",
      "scrape_date": "2026-01-26T05:56:07.110585Z",
      "stabilities": [
        "unstable"
      ],
      "unfree": false,
      "version": "2.52.0",
      "outputs_to_install": [
        "out"
      ],
      "outputs": {
        "doc": "/nix/store/fky0ci2bhwgyh9klg5682pmqswqg7wk4-git-2.52.0-doc",
        "out": "/nix/store/sr42bfqa0pc2ysba678mrm49g78jdynp-git-2.52.0"
      },
      "system": "x86_64-darwin",
      "group": "common",
      "priority": 5
    },
    {
      "attr_path": "git",
      "broken": false,
      "derivation": "/nix/store/b5a7flvc1aq2h7pfgr756p7wpyjydzv9-git-2.52.0.drv",
      "description": "Distributed version control system",
      "install_id": "git",
      "license": "GPL-2.0",
      "locked_url": "https://github.com/flox/nixpkgs?rev=c5296fdd05cfa2c187990dd909864da9658df755",
      "name": "git-2.52.0",
      "pname": "git",
      "rev": "c5296fdd05cfa2c187990dd909864da9658df755",
      "rev_count": 933481,
      "rev_date": "2026-01-23T12:18:02Z",
      "scrape_date": "2026-01-26T06:51:08.708401Z",
      "stabilities": [
        "unstable"
      ],
      "unfree": false,
      "version": "2.52.0",
      "outputs_to_install": [
        "out"
      ],
      "outputs": {
        "debug": "/nix/store/zd8di23fmzjwrhb5ij1bjnlfqkx9j7d6-git-2.52.0-debug",
        "doc": "/nix/store/d8kc4kqzcrbcj92msxrpdsdjglh2q5gp-git-2.52.0-doc",
        "out": "/nix/store/ipwndaag56mm8g8gn8j98z0jvn8x4mk1-git-2.52.0"
      },
      "system": "x86_64-linux",
      "group": "common",
      "priority": 5
    },
    {
      "attr_path": "go-task",
      "broken": false,
      "derivation": "/nix/store/bxzvbl0vwkn5fwq4l8gvbbw1qjnkxdmq-go-task-3.45.5.drv",
      "description": "Task runner / simpler Make alternative written in Go",
      "install_id": "go-task",
      "license": "MIT",
      "locked_url": "https://github.com/flox/nixpkgs?rev=c5296fdd05cfa2c187990dd909864da9658df755",
      "name": "go-task-3.45.5",
      "pname": "go-task",
      "rev": "c5296fdd05cfa2c187990dd909864da9658df755",
      "rev_count": 933481,
      "rev_date": "2026-01-23T12:18:02Z",
      "scrape_date": "2026-01-26T04:35:13.582849Z",
      "stabilities": [
        "unstable"
      ],
      "unfree": false,
      "version": "3.45.5",
      "outputs_to_install": [
        "out"
      ],
      "outputs": {
        "out": "/nix/store/siijbf12pnf32gx7mjixfbv9388h2wrl-go-task-3.45.5"
      },
      "system": "aarch64-darwin",
      "group": "common",
      "priority": 5
    },
    {
      "attr_path": "go-task",
      "broken": false,
      "derivation": "/nix/store/vrn3g6lyfbw2cr2vy5lcypz81ijji9x6-go-task-3.45.5.drv",
      "description": "Task runner / simpler Make alternative written in Go",
      "install_id": "go-task",
      "license": "MIT",
      "locked_url": "https://github.com/flox/nixpkgs?rev=c5296fdd05cfa2c187990dd909864da9658df755",
      "name": "go-task-3.45.5",
      "pname": "go-task",
      "rev": "c5296fdd05cfa2c187990dd909864da9658df755",
      "rev_count": 933481,
      "rev_date": "2026-01-23T12:18:02Z",
      "scrape_date": "2026-01-26T05:16:59.487980Z",
      "stabilities": [
        "unstable"
      ],
      "unfree": false,
      "version": "3.45.5",
      "outputs_to_install": [
        "out"
      ],
      "outputs": {
        "out": "/nix/store/bz644gcz6r6z0ih6r7njxj9disqzf1z6-go-task-3.45.5"
      },
      "system": "aarch64-linux",
      "group": "common",
      "priority": 5
    },
    {
      "attr_path": "go-task",
      "broken": false,
      "derivation": "/nix/store/yqxxsy6mwrzqlzsw41x15mg7v0d19qdc-go-task-3.45.5.drv",
      "description": "Task runner / simpler Make alternative written in Go",
      "install_id": "go-task",
      "license": "MIT",
      "locked_url": "https://github.com/flox/nixpkgs?rev=c5296fdd05cfa2c187990dd909864da9658df755",
      "name": "go-task-3.45.5",
      "pname": "go-task",
      "rev": "c5296fdd05cfa2c187990dd909864da9658df755",
      "rev_count": 933481,
      "rev_date": "2026-01-23T12:18:02Z",
      "scrape_date": "2026-01-26T05:56:07.280745Z",
      "stabilities": [
        "unstable"
      ],
      "unfree": false,
      "version": "3.45.5",
      "outputs_to_install": [
        "out"
      ],
      "outputs": {
        "out": "/nix/store/qb65b2d47v84cj48ldppv2mwnqkla52z-go-task-3.45.5"
      },
      "system": "x86_64-darwin",
      "group": "common",
      "priority": 5
    },
    {
      "attr_path": "go-task",
      "broken": false,
      "derivation": "/nix/store/fyz34l41q9fjp76bgwa1liib6nwfpsfa-go-task-3.45.5.drv",
      "description": "Task runner / simpler Make alternative written in Go",
      "install_id": "go-task",
      "license": "MIT",
      "locked_url": "https://github.com/flox/nixpkgs?rev=c5296fdd05cfa2c187990dd909864da9658df755",
      "name": "go-task-3.45.5",
      "pname": "go-task",
      "rev": "c5296fdd05cfa2c187990dd909864da9658df755",
      "rev_count": 933481,
      "rev_date": "2026-01-23T12:18:02Z",
      "scrape_date": "2026-01-26T06:51:09.373864Z",
      "stabilities": [
        "unstable"
      ],
      "unfree": false,
      "version": "3.45.5",
      "outputs_to_install": [
        "out"
      ],
      "outputs": {
        "out": "/nix/store/hwhz6lp5y525yf4jr92q83n2y4swapby-go-task-3.45.5"
      },
      "system": "x86_64-linux",
      "group": "common",
      "priority": 5
    },
    {
      "attr_path": "golangci-lint",
      "broken": false,
      "derivation": "/nix/store/9dzx5i1f23r2x2iyz5qyya8ndgy895an-golangci-lint-2.8.0.drv",
      "description": "Fast linters Runner for Go",
      "install_id": "golangci-lint",
      "license": "GPL-3.0-or-later",
      "locked_url": "https://github.com/flox/nixpkgs?rev=c5296fdd05cfa2c187990dd909864da9658df755",
      "name": "golangci-lint-2.8.0",
      "pname": "golangci-lint",
      "rev": "c5296fdd05cfa2c187990dd909864da9658df755",
      "rev_count": 933481,
      "rev_date": "2026-01-23T12:18:02Z",
      "scrape_date": "2026-01-26T04:35:13.612017Z",
      "stabilities": [
        "unstable"
      ],
      "unfree": false,
      "version": "2.8.0",
      "outputs_to_install": [
        "out"
      ],
      "outputs": {
        "out": "/nix/store/ci7qq9jsgk0v1f0pzs7kb0v9rk5zwyck-golangci-lint-2.8.0"
      },
      "system": "aarch64-darwin",
      "group": "common",
      "priority": 5
    },
    {
      "attr_path": "golangci-lint",
      "broken": false,
      "derivation": "/nix/store/57wca9gb93w88byllnrgvdnv84y7yfbp-golangci-lint-2.8.0.drv",
      "description": "Fast linters Runner for Go",
      "install_id": "golangci-lint",
      "license": "GPL-3.0-or-later",
      "locked_url": "https://github.com/flox/nixpkgs?rev=c5296fdd05cfa2c187990dd909864da9658df755",
      "name": "golangci-lint-2.8.0",
      "pname": "golangci-lint",
      "rev": "c5296fdd05cfa2c187990dd909864da9658df755",
      "rev_count": 933481,
      "rev_date": "2026-01-23T12:18:02Z",
      "scrape_date": "2026-01-26T05:16:59.545793Z",
      "stabilities": [
        "unstable"
      ],
      "unfree": false,
      "version": "2.8.0",
      "outputs_to_install": [
        "out"
      ],
      "outputs": {
        "out": "/nix/store/ly2sk4i2qj8gfb0l7m5sxvyv7c8rn273-golangci-lint-2.8.0"
      },
      "system": "aarch64-linux",
      "group": "common",
      "priority": 5
    },
    {
      "attr_path": "golangci-lint",
      "broken": false,
      "derivation": "/nix/store/igmhc65kmlam8clqq41wzfsx77zaljcx-golangci-lint-2.8.0.drv",
      "description": "Fast linters Runner for Go",
      "install_id": "golangci-lint",
      "license": "GPL-3.0-or-later",
      "locked_url": "https://github.com/flox/nixpkgs?rev=c5296fdd05cfa2c187990dd909864da9658df755",
      "name": "golangci-lint-2.8.0",
      "pname": "golangci-lint",
      "rev": "c5296fdd05cfa2c187990dd909864da9658df755",
      "rev_count": 933481,
      "rev_date": "2026-01-23T12:18:02Z",
      "scrape_date": "2026-01-26T05:56:07.310346Z",
      "stabilities": [
        "unstable"
      ],
      "unfree": false,
      "version": "2.8.0",
      "outputs_to_install": [
        "out"
      ],
      "outputs": {
        "out": "/nix/store/r1m8175dhby0agi1r43ic2scrphsjnlb-golangci-lint-2.8.0"
      },
      "system": "x86_64-darwin",
      "group": "common",
      "priority": 5
    },
    {
      "attr_path": "golangci-lint",
      "broken": false,
      "derivation": "/nix/store/y02farjzw0ix3fqpcd11qhb88zc5p8rk-golangci-lint-2.8.0.drv",
      "description": "Fast linters Runner for Go",
      "install_id": "golangci-lint",
      "license": "GPL-3.0-or-later",
      "locked_url": "https://github.com/flox/nixpkgs?rev=c5296fdd05cfa2c187990dd909864da9658df755",
      "name": "golangci-lint-2.8.0",
      "pname": "golangci-lint",
      "rev": "c5296fdd05cfa2c187990dd909864da9658df755",
      "rev_count": 933481,
      "rev_date": "2026-01-23T12:18:02Z",
      "scrape_date": "2026-01-26T06:51:09.434737Z",
      "stabilities": [
        "unstable"
      ],
      "unfree": false,
      "version": "2.8.0",
      "outputs_to_install": [
        "out"
      ],
      "outputs": {
        "out": "/nix/store/kj9ibnlg1p3macpcw8lm4rhpcwgfjal1-golangci-lint-2.8.0"
      },
      "system": "x86_64-linux",
      "group": "common",
      "priority": 5
    },
    {
      "attr_path": "go",
      "broken": false,
      "derivation": "/nix/store/h19kjqi10ynjk0i6scllhv82gx45p58w-go-1.25.5.drv",
      "description": "Go Programming language",
      "install_id": "go",
      "license": "BSD-3-Clause",
      "locked_url": "https://github.com/flox/nixpkgs?rev=c5296fdd05cfa2c187990dd909864da9658df755",
      "name": "go-1.25.5",
      "pname": "go",
      "rev": "c5296fdd05cfa2c187990dd909864da9658df755",
      "rev_count": 933481,
      "rev_date": "2026-01-23T12:18:02Z",
      "scrape_date": "2026-01-26T04:35:13.563455Z",
      "stabilities": [
        "unstable"
      ],
      "unfree": false,
      "version": "1.25.5",
      "outputs_to_install": [
        "out"
      ],
      "outputs": {
        "out": "/nix/store/wh88zz6r1ihcp2mm7ys1f2anp8aga6n2-go-1.25.5"
      },
      "system": "aarch64-darwin",
      "group": "toplevel",
      "priority": 5
    },
    {
      "attr_path": "go",
      "broken": false,
      "derivation": "/nix/store/32f3plvjz6apyxgi010l0c0ngqydzbyj-go-1.25.5.drv",
      "description": "Go Programming language",
      "install_id": "go",
      "license": "BSD-3-Clause",
      "locked_url": "https://github.com/flox/nixpkgs?rev=c5296fdd05cfa2c187990dd909864da9658df755",
      "name": "go-1.25.5",
      "pname": "go",
      "rev": "c5296fdd05cfa2c187990dd909864da9658df755",
      "rev_count": 933481,
      "rev_date": "2026-01-23T12:18:02Z",
      "scrape_date": "2026-01-26T05:16:59.460254Z",
      "stabilities": [
        "unstable"
      ],
      "unfree": false,
      "version": "1.25.5",
      "outputs_to_install": [
        "out"
      ],
      "outputs": {
        "out": "/nix/store/k3knzdi0v21bf2m7vcxpdy1jnqg1h0zk-go-1.25.5"
      },
      "system": "aarch64-linux",
      "group": "toplevel",
      "priority": 5
    },
    {
      "attr_path": "go",
      "broken": false,
      "derivation": "/nix/store/5m70w19x64mr74nzlmlmv2mia2k6mykd-go-1.25.5.drv",
      "description": "Go Programming language",
      "install_id": "go",
      "license": "BSD-3-Clause",
      "locked_url": "https://github.com/flox/nixpkgs?rev=c5296fdd05cfa2c187990dd909864da9658df755",
      "name": "go-1.25.5",
      "pname": "go",
      "rev": "c5296fdd05cfa2c187990dd909864da9658df755",
      "rev_count": 933481,
      "rev_date": "2026-01-23T12:18:02Z",
      "scrape_date": "2026-01-26T05:56:07.260633Z",
      "stabilities": [
        "unstable"
      ],
      "unfree": false,
      "version": "1.25.5",
      "outputs_to_install": [
        "out"
      ],
      "outputs": {
        "out": "/nix/store/bwdahzajhqd5x14dbvkqww5f1wpsxif3-go-1.25.5"
      },
      "system": "x86_64-darwin",
      "group": "toplevel",
      "priority": 5
    },
    {
      "attr_path": "go",
      "broken": false,
      "derivation": "/nix/store/3xvlqyw28f7hk7qmk3f18pzi6c7ymzy8-go-1.25.5.drv",
      "description": "Go Programming language",
      "install_id": "go",
      "license": "BSD-3-Clause",
      "locked_url": "https://github.com/flox/nixpkgs?rev=c5296fdd05cfa2c187990dd909864da9658df755",
      "name": "go-1.25.5",
      "pname": "go",
      "rev": "c5296fdd05cfa2c187990dd909864da9658df755",
      "rev_count": 933481,
      "rev_date": "2026-01-23T12:18:02Z",
      "scrape_date": "2026-01-26T06:51:09.344245Z",
      "stabilities": [
        "unstable"
      ],
      "unfree": false,
      "version": "1.25.5",
      "outputs_to_install": [
        "out"
      ],
      "outputs": {
        "out": "/nix/store/zzvsjgylnphvhms3lgr2qlwdxmc68z66-go-1.25.5"
      },
      "system": "x86_64-linux",
      "group": "toplevel",
      "priority": 5
    }
  ]
}
