{
  "lockfile-version": 1,
  "manifest": {
    "version": 1,
    "install": {
      "claude-code": {
        "pkg-path": "claude-code",
        "pkg-group": "common"
      },
      "docker": {
        "pkg-path": "docker",
        "pkg-group": "common"
      },
      "git": {
        "pkg-path": "git",
        "pkg-group": "common"
      },
      "go": {
        "pkg-path": "go",
        "version": "1.25.0"
      },
      "go-task": {
        "pkg-path": "go-task",
        "pkg-group": "common"
      },
      "golangci-lint": {
        "pkg-path": "golangci-lint",
        "pkg-group": "common",
        "version": "^2.4.0"
      }
    },
    "hook": {
      "on-activate": "  echo \"🌟 Welcome to google-calendar-agent development environment!\"\n  echo \"Go version: $(go version)\"\n"
    },
    "options": {}
  },
  "packages": [
    {
      "attr_path": "claude-code",
      "broken": false,
      "derivation": "/nix/store/qi44gvbs0q5zpikwks0y1njbgjb22bds-claude-code-1.0.109.drv",
      "description": "Agentic coding tool that lives in your terminal, understands your codebase, and helps you code faster",
      "install_id": "claude-code",
      "license": "Unfree",
      "locked_url": "https://github.com/flox/nixpkgs?rev=c23193b943c6c689d70ee98ce3128239ed9e32d1",
      "name": "claude-code-1.0.109",
      "pname": "claude-code",
      "rev": "c23193b943c6c689d70ee98ce3128239ed9e32d1",
      "rev_count": 861038,
      "rev_date": "2025-09-13T06:43:22Z",
      "scrape_date": "2025-09-15T02:00:42.473223Z",
      "stabilities": [
        "unstable"
      ],
      "unfree": true,
      "version": "1.0.109",
      "outputs_to_install": [
        "out"
      ],
      "outputs": {
        "out": "/nix/store/yag2wjpywi7zkv7s5d5zixxkksl6anf1-claude-code-1.0.109"
      },
      "system": "aarch64-darwin",
      "group": "common",
      "priority": 5
    },
    {
      "attr_path": "claude-code",
      "broken": false,
      "derivation": "/nix/store/d4fhv573rfkbbmnaf27x9bi5ylm0ph13-claude-code-1.0.109.drv",
      "description": "Agentic coding tool that lives in your terminal, understands your codebase, and helps you code faster",
      "install_id": "claude-code",
      "license": "Unfree",
      "locked_url": "https://github.com/flox/nixpkgs?rev=c23193b943c6c689d70ee98ce3128239ed9e32d1",
      "name": "claude-code-1.0.109",
      "pname": "claude-code",
      "rev": "c23193b943c6c689d70ee98ce3128239ed9e32d1",
      "rev_count": 861038,
      "rev_date": "2025-09-13T06:43:22Z",
      "scrape_date": "2025-09-15T02:29:40.426963Z",
      "stabilities": [
        "unstable"
      ],
      "unfree": true,
      "version": "1.0.109",
      "outputs_to_install": [
        "out"
      ],
      "outputs": {
        "out": "/nix/store/yyvhsjrcngkj1ab857p60cc4vs509x5f-claude-code-1.0.109"
      },
      "system": "aarch64-linux",
      "group": "common",
      "priority": 5
    },
    {
      "attr_path": "claude-code",
      "broken": false,
      "derivation": "/nix/store/vx3dqm8dmcwhh02aqyvw38if2rm1ri0k-claude-code-1.0.109.drv",
      "description": "Agentic coding tool that lives in your terminal, understands your codebase, and helps you code faster",
      "install_id": "claude-code",
      "license": "Unfree",
      "locked_url": "https://github.com/flox/nixpkgs?rev=c23193b943c6c689d70ee98ce3128239ed9e32d1",
      "name": "claude-code-1.0.109",
      "pname": "claude-code",
      "rev": "c23193b943c6c689d70ee98ce3128239ed9e32d1",
      "rev_count": 861038,
      "rev_date": "2025-09-13T06:43:22Z",
      "scrape_date": "2025-09-15T02:56:35.897650Z",
      "stabilities": [
        "unstable"
      ],
      "unfree": true,
      "version": "1.0.109",
      "outputs_to_install": [
        "out"
      ],
      "outputs": {
        "out": "/nix/store/fysag687fdwvdlywy19nz1gf9f76n6m9-claude-code-1.0.109"
      },
      "system": "x86_64-darwin",
      "group": "common",
      "priority": 5
    },
    {
      "attr_path": "claude-code",
      "broken": false,
      "derivation": "/nix/store/biw66ax6rhsc4yjbzkl4ah9nx57b0zyq-claude-code-1.0.109.drv",
      "description": "Agentic coding tool that lives in your terminal, understands your codebase, and helps you code faster",
      "install_id": "claude-code",
      "license": "Unfree",
      "locked_url": "https://github.com/flox/nixpkgs?rev=c23193b943c6c689d70ee98ce3128239ed9e32d1",
      "name": "claude-code-1.0.109",
      "pname": "claude-code",
      "rev": "c23193b943c6c689d70ee98ce3128239ed9e32d1",
      "rev_count": 861038,
      "rev_date": "2025-09-13T06:43:22Z",
      "scrape_date": "2025-09-15T03:26:56.526616Z",
      "stabilities": [
        "unstable"
      ],
      "unfree": true,
      "version": "1.0.109",
      "outputs_to_install": [
        "out"
      ],
      "outputs": {
        "out": "/nix/store/didsrxk70gcr7y3xfj0vcm3a8fm9jyr3-claude-code-1.0.109"
      },
      "system": "x86_64-linux",
      "group": "common",
      "priority": 5
    },
    {
      "attr_path": "docker",
      "broken": false,
      "derivation": "/nix/store/5b3fwg8sl512mfk5j9m4yq0i8x4bd437-docker-28.3.3.drv",
      "description": "Open source project to pack, ship and run any application as a lightweight container",
      "install_id": "docker",
      "license": "Apache-2.0",
      "locked_url": "https://github.com/flox/nixpkgs?rev=c23193b943c6c689d70ee98ce3128239ed9e32d1",
      "name": "docker-28.3.3",
      "pname": "docker",
      "rev": "c23193b943c6c689d70ee98ce3128239ed9e32d1",
      "rev_count": 861038,
      "rev_date": "2025-09-13T06:43:22Z",
      "scrape_date": "2025-09-15T02:00:42.722349Z",
      "stabilities": [
        "unstable"
      ],
      "unfree": false,
      "version": "28.3.3",
      "outputs_to_install": [
        "out"
      ],
      "outputs": {
        "out": "/nix/store/yhq84djizcvvhwcnkmwklgg2bgwcp6iq-docker-28.3.3"
      },
      "system": "aarch64-darwin",
      "group": "common",
      "priority": 5
    },
    {
      "attr_path": "docker",
      "broken": false,
      "derivation": "/nix/store/3f4ccdljcrbc0s5jabx2fx2n00f3g6ns-docker-28.3.3.drv",
      "description": "Open source project to pack, ship and run any application as a lightweight container",
      "install_id": "docker",
      "license": "Apache-2.0",
      "locked_url": "https://github.com/flox/nixpkgs?rev=c23193b943c6c689d70ee98ce3128239ed9e32d1",
      "name": "docker-28.3.3",
      "pname": "docker",
      "rev": "c23193b943c6c689d70ee98ce3128239ed9e32d1",
      "rev_count": 861038,
      "rev_date": "2025-09-13T06:43:22Z",
      "scrape_date": "2025-09-15T02:29:40.810112Z",
      "stabilities": [
        "unstable"
      ],
      "unfree": false,
      "version": "28.3.3",
      "outputs_to_install": [
        "out"
      ],
      "outputs": {
        "out": "/nix/store/95y15ihbnhr63k51x4rpa42p082ky6ia-docker-28.3.3"
      },
      "system": "aarch64-linux",
      "group": "common",
      "priority": 5
    },
    {
      "attr_path": "docker",
      "broken": false,
      "derivation": "/nix/store/bpshn5r6ix9dbihj54nn3pwq5aprmiq4-docker-28.3.3.drv",
      "description": "Open source project to pack, ship and run any application as a lightweight container",
      "install_id": "docker",
      "license": "Apache-2.0",
      "locked_url": "https://github.com/flox/nixpkgs?rev=c23193b943c6c689d70ee98ce3128239ed9e32d1",
      "name": "docker-28.3.3",
      "pname": "docker",
      "rev": "c23193b943c6c689d70ee98ce3128239ed9e32d1",
      "rev_count": 861038,
      "rev_date": "2025-09-13T06:43:22Z",
      "scrape_date": "2025-09-15T02:56:36.150936Z",
      "stabilities": [
        "unstable"
      ],
      "unfree": false,
      "version": "28.3.3",
      "outputs_to_install": [
        "out"
      ],
      "outputs": {
        "out": "/nix/store/rbf2x5dzickvx7s1n3gyd2gzhc1kizcp-docker-28.3.3"
      },
      "system": "x86_64-darwin",
      "group": "common",
      "priority": 5
    },
    {
      "attr_path": "docker",
      "broken": false,
      "derivation": "/nix/store/jag5x2q4dy7nbfi6wy4x64wgqd0y4sza-docker-28.3.3.drv",
      "description": "Open source project to pack, ship and run any application as a lightweight container",
      "install_id": "docker",
      "license": "Apache-2.0",
      "locked_url": "https://github.com/flox/nixpkgs?rev=c23193b943c6c689d70ee98ce3128239ed9e32d1",
      "name": "docker-28.3.3",
      "pname": "docker",
      "rev": "c23193b943c6c689d70ee98ce3128239ed9e32d1",
      "rev_count": 861038,
      "rev_date": "2025-09-13T06:43:22Z",
      "scrape_date": "2025-09-15T03:26:56.938344Z",
      "stabilities": [
        "unstable"
      ],
      "unfree": false,
      "version": "28.3.3",
      "outputs_to_install": [
        "out"
      ],
      "outputs": {
        "out": "/nix/store/pl0xs3161aslw59ry1173shjffkb2wdb-docker-28.3.3"
      },
      "system": "x86_64-linux",
      "group": "common",
      "priority": 5
    },
    {
      "attr_path": "git",
      "broken": false,
      "derivation": "/nix/store/6d98i7ksgr6d4xjjh0y6fl6ianxxzzbf-git-2.51.0.drv",
      "description": "Distributed version control system",
      "install_id": "git",
      "license": "GPL-2.0",
      "locked_url": "https://github.com/flox/nixpkgs?rev=c23193b943c6c689d70ee98ce3128239ed9e32d1",
      "name": "git-2.51.0",
      "pname": "git",
      "rev": "c23193b943c6c689d70ee98ce3128239ed9e32d1",
      "rev_count": 861038,
      "rev_date": "2025-09-13T06:43:22Z",
      "scrape_date": "2025-09-15T02:00:43.250181Z",
      "stabilities": [
        "unstable"
      ],
      "unfree": false,
      "version": "2.51.0",
      "outputs_to_install": [
        "out"
      ],
      "outputs": {
        "doc": "/nix/store/4gwi3dw7ay6ddmzyzx36a15ds51493hz-git-2.51.0-doc",
        "out": "/nix/store/4q2dd3sf6xq9bky0aq2wyp2pf958j0rz-git-2.51.0"
      },
      "system": "aarch64-darwin",
      "group": "common",
      "priority": 5
    },
    {
      "attr_path": "git",
      "broken": false,
      "derivation": "/nix/store/jcd1hmakc99sfm5hzxgscpgkdhiq7bk4-git-2.51.0.drv",
      "description": "Distributed version control system",
      "install_id": "git",
      "license": "GPL-2.0",
      "locked_url": "https://github.com/flox/nixpkgs?rev=c23193b943c6c689d70ee98ce3128239ed9e32d1",
      "name": "git-2.51.0",
      "pname": "git",
      "rev": "c23193b943c6c689d70ee98ce3128239ed9e32d1",
      "rev_count": 861038,
      "rev_date": "2025-09-13T06:43:22Z",
      "scrape_date": "2025-09-15T02:29:41.582900Z",
      "stabilities": [
        "unstable"
      ],
      "unfree": false,
      "version": "2.51.0",
      "outputs_to_install": [
        "out"
      ],
      "outputs": {
        "debug": "/nix/store/xh22pd5vdl2i1lj975gsv0dc4ywwi42j-git-2.51.0-debug",
        "doc": "/nix/store/lxbmn3fzikq9l7aw4xi6lkxqmc2866qd-git-2.51.0-doc",
        "out": "/nix/store/7x5qzsv0msjcvyhn98zayq520gdwb76m-git-2.51.0"
      },
      "system": "aarch64-linux",
      "group": "common",
      "priority": 5
    },
    {
      "attr_path": "git",
      "broken": false,
      "derivation": "/nix/store/wqvqcz0zhylgjfzgbw22dkn9ms5slzda-git-2.51.0.drv",
      "description": "Distributed version control system",
      "install_id": "git",
      "license": "GPL-2.0",
      "locked_url": "https://github.com/flox/nixpkgs?rev=c23193b943c6c689d70ee98ce3128239ed9e32d1",
      "name": "git-2.51.0",
      "pname": "git",
      "rev": "c23193b943c6c689d70ee98ce3128239ed9e32d1",
      "rev_count": 861038,
      "rev_date": "2025-09-13T06:43:22Z",
      "scrape_date": "2025-09-15T02:56:36.641268Z",
      "stabilities": [
        "unstable"
      ],
      "unfree": false,
      "version": "2.51.0",
      "outputs_to_install": [
        "out"
      ],
      "outputs": {
        "doc": "/nix/store/6mrf4pn3qr89l7lw1xv2n5nlj0wpqs94-git-2.51.0-doc",
        "out": "/nix/store/a16jim5gw87lhmzms8n9jvz6rqii52n1-git-2.51.0"
      },
      "system": "x86_64-darwin",
      "group": "common",
      "priority": 5
    },
    {
      "attr_path": "git",
      "broken": false,
      "derivation": "/nix/store/yyw6nzfcdckb36blm5mf5b5mss1m9asq-git-2.51.0.drv",
      "description": "Distributed version control system",
      "install_id": "git",
      "license": "GPL-2.0",
      "locked_url": "https://github.com/flox/nixpkgs?rev=c23193b943c6c689d70ee98ce3128239ed9e32d1",
      "name": "git-2.51.0",
      "pname": "git",
      "rev": "c23193b943c6c689d70ee98ce3128239ed9e32d1",
      "rev_count": 861038,
      "rev_date": "2025-09-13T06:43:22Z",
      "scrape_date": "2025-09-15T03:26:57.785953Z",
      "stabilities": [
        "unstable"
      ],
      "unfree": false,
      "version": "2.51.0",
      "outputs_to_install": [
        "out"
      ],
      "outputs": {
        "debug": "/nix/store/zdh0b77j1n8irhshwgrhyjfrrjxk9fbw-git-2.51.0-debug",
        "doc": "/nix/store/vjjhqc2vixs1pfy4bh5qpqrvqg042vd4-git-2.51.0-doc",
        "out": "/nix/store/q1zaii9cirbfpmwr7d86hpppql3kjcpf-git-2.51.0"
      },
      "system": "x86_64-linux",
      "group": "common",
      "priority": 5
    },
    {
      "attr_path": "go-task",
      "broken": false,
      "derivation": "/nix/store/vrcm2w09scjp559arqp2a98ws2zcl5z4-go-task-3.44.1.drv",
      "description": "Task runner / simpler Make alternative written in Go",
      "install_id": "go-task",
      "license": "MIT",
      "locked_url": "https://github.com/flox/nixpkgs?rev=c23193b943c6c689d70ee98ce3128239ed9e32d1",
      "name": "go-task-3.44.1",
      "pname": "go-task",
      "rev": "c23193b943c6c689d70ee98ce3128239ed9e32d1",
      "rev_count": 861038,
      "rev_date": "2025-09-13T06:43:22Z",
      "scrape_date": "2025-09-15T02:00:43.939589Z",
      "stabilities": [
        "unstable"
      ],
      "unfree": false,
      "version": "3.44.1",
      "outputs_to_install": [
        "out"
      ],
      "outputs": {
        "out": "/nix/store/p58fz5g7zai0bgh6rqyg9hfz0hmvng4m-go-task-3.44.1"
      },
      "system": "aarch64-darwin",
      "group": "common",
      "priority": 5
    },
    {
      "attr_path": "go-task",
      "broken": false,
      "derivation": "/nix/store/j6122sq7fc9yh6s3463zqlcizsk9h7jr-go-task-3.44.1.drv",
      "description": "Task runner / simpler Make alternative written in Go",
      "install_id": "go-task",
      "license": "MIT",
      "locked_url": "https://github.com/flox/nixpkgs?rev=c23193b943c6c689d70ee98ce3128239ed9e32d1",
      "name": "go-task-3.44.1",
      "pname": "go-task",
      "rev": "c23193b943c6c689d70ee98ce3128239ed9e32d1",
      "rev_count": 861038,
      "rev_date": "2025-09-13T06:43:22Z",
      "scrape_date": "2025-09-15T02:29:42.124429Z",
      "stabilities": [
        "unstable"
      ],
      "unfree": false,
      "version": "3.44.1",
      "outputs_to_install": [
        "out"
      ],
      "outputs": {
        "out": "/nix/store/qi3hx4hvcnzy317yihii2gm3gqgvvnw5-go-task-3.44.1"
      },
      "system": "aarch64-linux",
      "group": "common",
      "priority": 5
    },
    {
      "attr_path": "go-task",
      "broken": false,
      "derivation": "/nix/store/dxn2vf4jbc0lcjj5ajll067sfc8qnqyg-go-task-3.44.1.drv",
      "description": "Task runner / simpler Make alternative written in Go",
      "install_id": "go-task",
      "license": "MIT",
      "locked_url": "https://github.com/flox/nixpkgs?rev=c23193b943c6c689d70ee98ce3128239ed9e32d1",
      "name": "go-task-3.44.1",
      "pname": "go-task",
      "rev": "c23193b943c6c689d70ee98ce3128239ed9e32d1",
      "rev_count": 861038,
      "rev_date": "2025-09-13T06:43:22Z",
      "scrape_date": "2025-09-15T02:56:36.805585Z",
      "stabilities": [
        "unstable"
      ],
      "unfree": false,
      "version": "3.44.1",
      "outputs_to_install": [
        "out"
      ],
      "outputs": {
        "out": "/nix/store/n6xnr1iwm1yhcf6mji9l649djizbfg3b-go-task-3.44.1"
      },
      "system": "x86_64-darwin",
      "group": "common",
      "priority": 5
    },
    {
      "attr_path": "go-task",
      "broken": false,
      "derivation": "/nix/store/0wqw7c5276j3wa354dxdqw2d4vll0d1f-go-task-3.44.1.drv",
      "description": "Task runner / simpler Make alternative written in Go",
      "install_id": "go-task",
      "license": "MIT",
      "locked_url": "https://github.com/flox/nixpkgs?rev=c23193b943c6c689d70ee98ce3128239ed9e32d1",
      "name": "go-task-3.44.1",
      "pname": "go-task",
      "rev": "c23193b943c6c689d70ee98ce3128239ed9e32d1",
      "rev_count": 861038,
      "rev_date": "2025-09-13T06:43:22Z",
      "scrape_date": "2025-09-15T03:26:58.397065Z",
      "stabilities": [
        "unstable"
      ],
      "unfree": false,
      "version": "3.44.1",
      "outputs_to_install": [
        "out"
      ],
      "outputs": {
        "out": "/nix/store/jjy9p73v67b6p555qs9ff3dasnlzafid-go-task-3.44.1"
      },
      "system": "x86_64-linux",
      "group": "common",
      "priority": 5
    },
    {
      "attr_path": "golangci-lint",
      "broken": false,
      "derivation": "/nix/store/dqn9gvcq9slpjly6di31fra4m1n02mrc-golangci-lint-2.4.0.drv",
      "description": "Fast linters Runner for Go",
      "install_id": "golangci-lint",
      "license": "GPL-3.0-or-later",
      "locked_url": "https://github.com/flox/nixpkgs?rev=c23193b943c6c689d70ee98ce3128239ed9e32d1",
      "name": "golangci-lint-2.4.0",
      "pname": "golangci-lint",
      "rev": "c23193b943c6c689d70ee98ce3128239ed9e32d1",
      "rev_count": 861038,
      "rev_date": "2025-09-13T06:43:22Z",
      "scrape_date": "2025-09-15T02:00:43.968360Z",
      "stabilities": [
        "unstable"
      ],
      "unfree": false,
      "version": "2.4.0",
      "outputs_to_install": [
        "out"
      ],
      "outputs": {
        "out": "/nix/store/2iiw320mwgw7flh47zbz6l62fakrb3dx-golangci-lint-2.4.0"
      },
      "system": "aarch64-darwin",
      "group": "common",
      "priority": 5
    },
    {
      "attr_path": "golangci-lint",
      "broken": false,
      "derivation": "/nix/store/dpx8zl6iqn5mc46pq2lbd7whllk61avl-golangci-lint-2.4.0.drv",
      "description": "Fast linters Runner for Go",
      "install_id": "golangci-lint",
      "license": "GPL-3.0-or-later",
      "locked_url": "https://github.com/flox/nixpkgs?rev=c23193b943c6c689d70ee98ce3128239ed9e32d1",
      "name": "golangci-lint-2.4.0",
      "pname": "golangci-lint",
      "rev": "c23193b943c6c689d70ee98ce3128239ed9e32d1",
      "rev_count": 861038,
      "rev_date": "2025-09-13T06:43:22Z",
      "scrape_date": "2025-09-15T02:29:42.179032Z",
      "stabilities": [
        "unstable"
      ],
      "unfree": false,
      "version": "2.4.0",
      "outputs_to_install": [
        "out"
      ],
      "outputs": {
        "out": "/nix/store/hwr3wdhqnlcay07xpgv2wm1mx7k5nkhf-golangci-lint-2.4.0"
      },
      "system": "aarch64-linux",
      "group": "common",
      "priority": 5
    },
    {
      "attr_path": "golangci-lint",
      "broken": false,
      "derivation": "/nix/store/bq2v9hgnf5azc154p2wpdiwrn5cww31n-golangci-lint-2.4.0.drv",
      "description": "Fast linters Runner for Go",
      "install_id": "golangci-lint",
      "license": "GPL-3.0-or-later",
      "locked_url": "https://github.com/flox/nixpkgs?rev=c23193b943c6c689d70ee98ce3128239ed9e32d1",
      "name": "golangci-lint-2.4.0",
      "pname": "golangci-lint",
      "rev": "c23193b943c6c689d70ee98ce3128239ed9e32d1",
      "rev_count": 861038,
      "rev_date": "2025-09-13T06:43:22Z",
      "scrape_date": "2025-09-15T02:56:36.834440Z",
      "stabilities": [
        "unstable"
      ],
      "unfree": false,
      "version": "2.4.0",
      "outputs_to_install": [
        "out"
      ],
      "outputs": {
        "out": "/nix/store/skcc363l41rm6hjyrhzlfbk3rrwci2lb-golangci-lint-2.4.0"
      },
      "system": "x86_64-darwin",
      "group": "common",
      "priority": 5
    },
    {
      "attr_path": "golangci-lint",
      "broken": false,
      "derivation": "/nix/store/k1i6kgkcdjrplk28chxbpimw5sm9adny-golangci-lint-2.4.0.drv",
      "description": "Fast linters Runner for Go",
      "install_id": "golangci-lint",
      "license": "GPL-3.0-or-later",
      "locked_url": "https://github.com/flox/nixpkgs?rev=c23193b943c6c689d70ee98ce3128239ed9e32d1",
      "name": "golangci-lint-2.4.0",
      "pname": "golangci-lint",
      "rev": "c23193b943c6c689d70ee98ce3128239ed9e32d1",
      "rev_count": 861038,
      "rev_date": "2025-09-13T06:43:22Z",
      "scrape_date": "2025-09-15T03:26:58.457663Z",
      "stabilities": [
        "unstable"
      ],
      "unfree": false,
      "version": "2.4.0",
      "outputs_to_install": [
        "out"
      ],
      "outputs": {
        "out": "/nix/store/dlz6z4dih7rd6q9dnigvz49npfmv8m52-golangci-lint-2.4.0"
      },
      "system": "x86_64-linux",
      "group": "common",
      "priority": 5
    },
    {
      "attr_path": "go",
      "broken": false,
      "derivation": "/nix/store/s3y2xgs6d01qvf0yhgw455ghiylmn8jy-go-1.25.0.drv",
      "description": "Go Programming language",
      "install_id": "go",
      "license": "BSD-3-Clause",
      "locked_url": "https://github.com/flox/nixpkgs?rev=8eaee110344796db060382e15d3af0a9fc396e0e",
      "name": "go-1.25.0",
      "pname": "go",
      "rev": "8eaee110344796db060382e15d3af0a9fc396e0e",
      "rev_count": 864002,
      "rev_date": "2025-09-19T10:20:10Z",
      "scrape_date": "2025-09-21T05:38:43.327804Z",
      "stabilities": [
        "unstable"
      ],
      "unfree": false,
      "version": "1.25.0",
      "outputs_to_install": [
        "out"
      ],
      "outputs": {
        "out": "/nix/store/cr196bvbbai01r0w11p1inkzkdrqdx6y-go-1.25.0"
      },
      "system": "aarch64-darwin",
      "group": "toplevel",
      "priority": 5
    },
    {
      "attr_path": "go",
      "broken": false,
      "derivation": "/nix/store/i027if1wkdbbk9vmkjf4281iqfdjzwp0-go-1.25.0.drv",
      "description": "Go Programming language",
      "install_id": "go",
      "license": "BSD-3-Clause",
      "locked_url": "https://github.com/flox/nixpkgs?rev=8eaee110344796db060382e15d3af0a9fc396e0e",
      "name": "go-1.25.0",
      "pname": "go",
      "rev": "8eaee110344796db060382e15d3af0a9fc396e0e",
      "rev_count": 864002,
      "rev_date": "2025-09-19T10:20:10Z",
      "scrape_date": "2025-09-21T06:10:24.196012Z",
      "stabilities": [
        "unstable"
      ],
      "unfree": false,
      "version": "1.25.0",
      "outputs_to_install": [
        "out"
      ],
      "outputs": {
        "out": "/nix/store/yhcdwwikp86p2cpq0qr7di91ji63460s-go-1.25.0"
      },
      "system": "aarch64-linux",
      "group": "toplevel",
      "priority": 5
    },
    {
      "attr_path": "go",
      "broken": false,
      "derivation": "/nix/store/n9i0d6pa57wr8f8yl6dymwr5wr9ndfbb-go-1.25.0.drv",
      "description": "Go Programming language",
      "install_id": "go",
      "license": "BSD-3-Clause",
      "locked_url": "https://github.com/flox/nixpkgs?rev=8eaee110344796db060382e15d3af0a9fc396e0e",
      "name": "go-1.25.0",
      "pname": "go",
      "rev": "8eaee110344796db060382e15d3af0a9fc396e0e",
      "rev_count": 864002,
      "rev_date": "2025-09-19T10:20:10Z",
      "scrape_date": "2025-09-21T06:39:00.886687Z",
      "stabilities": [
        "unstable"
      ],
      "unfree": false,
      "version": "1.25.0",
      "outputs_to_install": [
        "out"
      ],
      "outputs": {
        "out": "/nix/store/hz7dfw13v8iff4vf6vbnqnlnd7wh7j5x-go-1.25.0"
      },
      "system": "x86_64-darwin",
      "group": "toplevel",
      "priority": 5
    },
    {
      "attr_path": "go",
      "broken": false,
      "derivation": "/nix/store/pxn4bbdbwd25r02kvp7a1jp3fjykrb65-go-1.25.0.drv",
      "description": "Go Programming language",
      "install_id": "go",
      "license": "BSD-3-Clause",
      "locked_url": "https://github.com/flox/nixpkgs?rev=8eaee110344796db060382e15d3af0a9fc396e0e",
      "name": "go-1.25.0",
      "pname": "go",
      "rev": "8eaee110344796db060382e15d3af0a9fc396e0e",
      "rev_count": 864002,
      "rev_date": "2025-09-19T10:20:10Z",
      "scrape_date": "2025-09-21T07:10:55.814579Z",
      "stabilities": [
        "unstable"
      ],
      "unfree": false,
      "version": "1.25.0",
      "outputs_to_install": [
        "out"
      ],
      "outputs": {
        "out": "/nix/store/3fd683jfggglpshxprz9mi5sz8wd3c9p-go-1.25.0"
      },
      "system": "x86_64-linux",
      "group": "toplevel",
      "priority": 5
    }
  ]
}